
Microsoft Visual Studio Solution File, Format Version 12.00
# Visual Studio Version 16
VisualStudioVersion = 16.0.31112.23
MinimumVisualStudioVersion = 10.0.40219.1
Project("{FAE04EC0-301F-11D3-BF4B-00C04F79EFBC}") = "Real-time-example-of-queue", "Real-time-example-of-queue\Real-time-example-of-queue.csproj", "{1C1B26DF-4CF9-44B5-8EE9-8D17540DA911}"
EndProject
Global
	GlobalSection(SolutionConfigurationPlatforms) = preSolution
		Debug|Any CPU = Debug|Any CPU
		Release|Any CPU = Release|Any CPU
	EndGlobalSection
	GlobalSection(ProjectConfigurationPlatforms) = postSolution
		{1C1B26DF-4CF9-44B5-8EE9-8D17540DA911}.Debug|Any CPU.ActiveCfg = Debug|Any CPU
		{1C1B26DF-4CF9-44B5-8EE9-8D17540DA911}.Debug|Any CPU.Build.0 = Debug|Any CPU
		{1C1B26DF-4CF9-44B5-8EE9-8D17540DA911}.Release|Any CPU.ActiveCfg = Release|Any CPU
		{1C1B26DF-4CF9-44B5-8EE9-8D17540DA911}.Release|Any CPU.Build.0 = Release|Any CPU
	EndGlobalSection
	GlobalSection(SolutionProperties) = preSolution
		HideSolutionNode = FALSE
	EndGlobalSection
	GlobalSection(ExtensibilityGlobals) = postSolution
		SolutionGuid = {8D1C2260-F2A8-4005-B362-8D01B1BDB33F}
	EndGlobalSection
EndGlobal
